// !$*UTF8*$!
{
	archiveVersion = 1;
	classes = {
	};
	objectVersion = 56;
	objects = {

/* Begin PBXBuildFile section */
		30A72DF72C4BA07500BE85B5 /* ContextMenuManager.swift in Sources */ = {isa = PBXBuildFile; fileRef = 30A72DF62C4BA07500BE85B5 /* ContextMenuManager.swift */; };
		30A72DF92C4BA0B800BE85B5 /* MenuView.swift in Sources */ = {isa = PBXBuildFile; fileRef = 30A72DF82C4BA0B800BE85B5 /* MenuView.swift */; };
		30A72DFB2C4BA1F400BE85B5 /* AppDelegate.swift in Sources */ = {isa = PBXBuildFile; fileRef = 30A72DFA2C4BA1F400BE85B5 /* AppDelegate.swift */; };
		30DC2E1B2C199F8800403EC3 /* MovelahApp.swift in Sources */ = {isa = PBXBuildFile; fileRef = 30DC2E1A2C199F8800403EC3 /* MovelahApp.swift */; };
		30DC2E1D2C199F8800403EC3 /* ContentView.swift in Sources */ = {isa = PBXBuildFile; fileRef = 30DC2E1C2C199F8800403EC3 /* ContentView.swift */; };
		30DC2E1F2C199F8900403EC3 /* Assets.xcassets in Resources */ = {isa = PBXBuildFile; fileRef = 30DC2E1E2C199F8900403EC3 /* Assets.xcassets */; };
		30DC2E222C199F8900403EC3 /* Preview Assets.xcassets in Resources */ = {isa = PBXBuildFile; fileRef = 30DC2E212C199F8900403EC3 /* Preview Assets.xcassets */; };
		30DC2E242C199F8900403EC3 /* Persistence.swift in Sources */ = {isa = PBXBuildFile; fileRef = 30DC2E232C199F8900403EC3 /* Persistence.swift */; };
		30DC2E272C199F8900403EC3 /* Movelah.xcdatamodeld in Sources */ = {isa = PBXBuildFile; fileRef = 30DC2E252C199F8900403EC3 /* Movelah.xcdatamodeld */; };
		30DC2E322C199F8900403EC3 /* MovelahTests.swift in Sources */ = {isa = PBXBuildFile; fileRef = 30DC2E312C199F8900403EC3 /* MovelahTests.swift */; };
		30DC2E3C2C199F8900403EC3 /* MovelahUITests.swift in Sources */ = {isa = PBXBuildFile; fileRef = 30DC2E3B2C199F8900403EC3 /* MovelahUITests.swift */; };
		30DC2E3E2C199F8900403EC3 /* MovelahUITestsLaunchTests.swift in Sources */ = {isa = PBXBuildFile; fileRef = 30DC2E3D2C199F8900403EC3 /* MovelahUITestsLaunchTests.swift */; };
/* End PBXBuildFile section */

/* Begin PBXContainerItemProxy section */
		30DC2E2E2C199F8900403EC3 /* PBXContainerItemProxy */ = {
			isa = PBXContainerItemProxy;
			containerPortal = 30DC2E0F2C199F8800403EC3 /* Project object */;
			proxyType = 1;
			remoteGlobalIDString = 30DC2E162C199F8800403EC3;
			remoteInfo = Movelah;
		};
		30DC2E382C199F8900403EC3 /* PBXContainerItemProxy */ = {
			isa = PBXContainerItemProxy;
			containerPortal = 30DC2E0F2C199F8800403EC3 /* Project object */;
			proxyType = 1;
			remoteGlobalIDString = 30DC2E162C199F8800403EC3;
			remoteInfo = Movelah;
		};
/* End PBXContainerItemProxy section */

/* Begin PBXFileReference section */
		30A72DF62C4BA07500BE85B5 /* ContextMenuManager.swift */ = {isa = PBXFileReference; lastKnownFileType = sourcecode.swift; path = ContextMenuManager.swift; sourceTree = "<group>"; };
		30A72DF82C4BA0B800BE85B5 /* MenuView.swift */ = {isa = PBXFileReference; lastKnownFileType = sourcecode.swift; path = MenuView.swift; sourceTree = "<group>"; };
		30A72DFA2C4BA1F400BE85B5 /* AppDelegate.swift */ = {isa = PBXFileReference; lastKnownFileType = sourcecode.swift; path = AppDelegate.swift; sourceTree = "<group>"; };
		30DC2E172C199F8800403EC3 /* Cleaniy.app */ = {isa = PBXFileReference; explicitFileType = wrapper.application; includeInIndex = 0; path = Cleaniy.app; sourceTree = BUILT_PRODUCTS_DIR; };
		30DC2E1A2C199F8800403EC3 /* MovelahApp.swift */ = {isa = PBXFileReference; lastKnownFileType = sourcecode.swift; path = MovelahApp.swift; sourceTree = "<group>"; };
		30DC2E1C2C199F8800403EC3 /* ContentView.swift */ = {isa = PBXFileReference; lastKnownFileType = sourcecode.swift; path = ContentView.swift; sourceTree = "<group>"; };
		30DC2E1E2C199F8900403EC3 /* Assets.xcassets */ = {isa = PBXFileReference; lastKnownFileType = folder.assetcatalog; path = Assets.xcassets; sourceTree = "<group>"; };
		30DC2E212C199F8900403EC3 /* Preview Assets.xcassets */ = {isa = PBXFileReference; lastKnownFileType = folder.assetcatalog; path = "Preview Assets.xcassets"; sourceTree = "<group>"; };
		30DC2E232C199F8900403EC3 /* Persistence.swift */ = {isa = PBXFileReference; lastKnownFileType = sourcecode.swift; path = Persistence.swift; sourceTree = "<group>"; };
		30DC2E262C199F8900403EC3 /* Movelah.xcdatamodel */ = {isa = PBXFileReference; lastKnownFileType = wrapper.xcdatamodel; path = Movelah.xcdatamodel; sourceTree = "<group>"; };
		30DC2E282C199F8900403EC3 /* Movelah.entitlements */ = {isa = PBXFileReference; lastKnownFileType = text.plist.entitlements; path = Movelah.entitlements; sourceTree = "<group>"; };
		30DC2E2D2C199F8900403EC3 /* CleaniyTests.xctest */ = {isa = PBXFileReference; explicitFileType = wrapper.cfbundle; includeInIndex = 0; path = CleaniyTests.xctest; sourceTree = BUILT_PRODUCTS_DIR; };
		30DC2E312C199F8900403EC3 /* MovelahTests.swift */ = {isa = PBXFileReference; lastKnownFileType = sourcecode.swift; path = MovelahTests.swift; sourceTree = "<group>"; };
		30DC2E372C199F8900403EC3 /* CleaniyUITests.xctest */ = {isa = PBXFileReference; explicitFileType = wrapper.cfbundle; includeInIndex = 0; path = CleaniyUITests.xctest; sourceTree = BUILT_PRODUCTS_DIR; };
		30DC2E3B2C199F8900403EC3 /* MovelahUITests.swift */ = {isa = PBXFileReference; lastKnownFileType = sourcecode.swift; path = MovelahUITests.swift; sourceTree = "<group>"; };
		30DC2E3D2C199F8900403EC3 /* MovelahUITestsLaunchTests.swift */ = {isa = PBXFileReference; lastKnownFileType = sourcecode.swift; path = MovelahUITestsLaunchTests.swift; sourceTree = "<group>"; };
/* End PBXFileReference section */

/* Begin PBXFrameworksBuildPhase section */
		30DC2E142C199F8800403EC3 /* Frameworks */ = {
			isa = PBXFrameworksBuildPhase;
			buildActionMask = 2147483647;
			files = (
			);
			runOnlyForDeploymentPostprocessing = 0;
		};
		30DC2E2A2C199F8900403EC3 /* Frameworks */ = {
			isa = PBXFrameworksBuildPhase;
			buildActionMask = 2147483647;
			files = (
			);
			runOnlyForDeploymentPostprocessing = 0;
		};
		30DC2E342C199F8900403EC3 /* Frameworks */ = {
			isa = PBXFrameworksBuildPhase;
			buildActionMask = 2147483647;
			files = (
			);
			runOnlyForDeploymentPostprocessing = 0;
		};
/* End PBXFrameworksBuildPhase section */

/* Begin PBXGroup section */
		30DC2E0E2C199F8800403EC3 = {
			isa = PBXGroup;
			children = (
				30DC2E192C199F8800403EC3 /* Movelah */,
				30DC2E302C199F8900403EC3 /* MovelahTests */,
				30DC2E3A2C199F8900403EC3 /* MovelahUITests */,
				30DC2E182C199F8800403EC3 /* Products */,
			);
			sourceTree = "<group>";
		};
		30DC2E182C199F8800403EC3 /* Products */ = {
			isa = PBXGroup;
			children = (
				30DC2E172C199F8800403EC3 /* Cleaniy.app */,
				30DC2E2D2C199F8900403EC3 /* CleaniyTests.xctest */,
				30DC2E372C199F8900403EC3 /* CleaniyUITests.xctest */,
			);
			name = Products;
			sourceTree = "<group>";
		};
		30DC2E192C199F8800403EC3 /* Movelah */ = {
			isa = PBXGroup;
			children = (
				30DC2E1A2C199F8800403EC3 /* MovelahApp.swift */,
				30A72DF62C4BA07500BE85B5 /* ContextMenuManager.swift */,
				30DC2E1C2C199F8800403EC3 /* ContentView.swift */,
				30A72DF82C4BA0B800BE85B5 /* MenuView.swift */,
				30A72DFA2C4BA1F400BE85B5 /* AppDelegate.swift */,
				30DC2E1E2C199F8900403EC3 /* Assets.xcassets */,
				30DC2E232C199F8900403EC3 /* Persistence.swift */,
				30DC2E282C199F8900403EC3 /* Movelah.entitlements */,
				30DC2E252C199F8900403EC3 /* Movelah.xcdatamodeld */,
				30DC2E202C199F8900403EC3 /* Preview Content */,
			);
			path = Movelah;
			sourceTree = "<group>";
		};
		30DC2E202C199F8900403EC3 /* Preview Content */ = {
			isa = PBXGroup;
			children = (
				30DC2E212C199F8900403EC3 /* Preview Assets.xcassets */,
			);
			path = "Preview Content";
			sourceTree = "<group>";
		};
		30DC2E302C199F8900403EC3 /* MovelahTests */ = {
			isa = PBXGroup;
			children = (
				30DC2E312C199F8900403EC3 /* MovelahTests.swift */,
			);
			path = MovelahTests;
			sourceTree = "<group>";
		};
		30DC2E3A2C199F8900403EC3 /* MovelahUITests */ = {
			isa = PBXGroup;
			children = (
				30DC2E3B2C199F8900403EC3 /* MovelahUITests.swift */,
				30DC2E3D2C199F8900403EC3 /* MovelahUITestsLaunchTests.swift */,
			);
			path = MovelahUITests;
			sourceTree = "<group>";
		};
/* End PBXGroup section */

/* Begin PBXNativeTarget section */
		30DC2E162C199F8800403EC3 /* Cleaniy */ = {
			isa = PBXNativeTarget;
			buildConfigurationList = 30DC2E412C199F8900403EC3 /* Build configuration list for PBXNativeTarget "Cleaniy" */;
			buildPhases = (
				30DC2E132C199F8800403EC3 /* Sources */,
				30DC2E142C199F8800403EC3 /* Frameworks */,
				30DC2E152C199F8800403EC3 /* Resources */,
			);
			buildRules = (
			);
			dependencies = (
			);
			name = Cleaniy;
			productName = Movelah;
			productReference = 30DC2E172C199F8800403EC3 /* Cleaniy.app */;
			productType = "com.apple.product-type.application";
		};
		30DC2E2C2C199F8900403EC3 /* CleaniyTests */ = {
			isa = PBXNativeTarget;
			buildConfigurationList = 30DC2E442C199F8900403EC3 /* Build configuration list for PBXNativeTarget "CleaniyTests" */;
			buildPhases = (
				30DC2E292C199F8900403EC3 /* Sources */,
				30DC2E2A2C199F8900403EC3 /* Frameworks */,
				30DC2E2B2C199F8900403EC3 /* Resources */,
			);
			buildRules = (
			);
			dependencies = (
				30DC2E2F2C199F8900403EC3 /* PBXTargetDependency */,
			);
			name = CleaniyTests;
			productName = MovelahTests;
			productReference = 30DC2E2D2C199F8900403EC3 /* CleaniyTests.xctest */;
			productType = "com.apple.product-type.bundle.unit-test";
		};
		30DC2E362C199F8900403EC3 /* CleaniyUITests */ = {
			isa = PBXNativeTarget;
			buildConfigurationList = 30DC2E472C199F8900403EC3 /* Build configuration list for PBXNativeTarget "CleaniyUITests" */;
			buildPhases = (
				30DC2E332C199F8900403EC3 /* Sources */,
				30DC2E342C199F8900403EC3 /* Frameworks */,
				30DC2E352C199F8900403EC3 /* Resources */,
			);
			buildRules = (
			);
			dependencies = (
				30DC2E392C199F8900403EC3 /* PBXTargetDependency */,
			);
			name = CleaniyUITests;
			productName = MovelahUITests;
			productReference = 30DC2E372C199F8900403EC3 /* CleaniyUITests.xctest */;
			productType = "com.apple.product-type.bundle.ui-testing";
		};
/* End PBXNativeTarget section */

/* Begin PBXProject section */
		30DC2E0F2C199F8800403EC3 /* Project object */ = {
			isa = PBXProject;
			attributes = {
				BuildIndependentTargetsInParallel = 1;
				LastSwiftUpdateCheck = 1540;
				LastUpgradeCheck = 1540;
				TargetAttributes = {
					30DC2E162C199F8800403EC3 = {
						CreatedOnToolsVersion = 15.4;
					};
					30DC2E2C2C199F8900403EC3 = {
						CreatedOnToolsVersion = 15.4;
						TestTargetID = 30DC2E162C199F8800403EC3;
					};
					30DC2E362C199F8900403EC3 = {
						CreatedOnToolsVersion = 15.4;
						TestTargetID = 30DC2E162C199F8800403EC3;
					};
				};
			};
			buildConfigurationList = 30DC2E122C199F8800403EC3 /* Build configuration list for PBXProject "Cleaniy" */;
			compatibilityVersion = "Xcode 14.0";
			developmentRegion = en;
			hasScannedForEncodings = 0;
			knownRegions = (
				en,
				Base,
			);
			mainGroup = 30DC2E0E2C199F8800403EC3;
			productRefGroup = 30DC2E182C199F8800403EC3 /* Products */;
			projectDirPath = "";
			projectRoot = "";
			targets = (
				30DC2E162C199F8800403EC3 /* Cleaniy */,
				30DC2E2C2C199F8900403EC3 /* CleaniyTests */,
				30DC2E362C199F8900403EC3 /* CleaniyUITests */,
			);
		};
/* End PBXProject section */

/* Begin PBXResourcesBuildPhase section */
		30DC2E152C199F8800403EC3 /* Resources */ = {
			isa = PBXResourcesBuildPhase;
			buildActionMask = 2147483647;
			files = (
				30DC2E222C199F8900403EC3 /* Preview Assets.xcassets in Resources */,
				30DC2E1F2C199F8900403EC3 /* Assets.xcassets in Resources */,
			);
			runOnlyForDeploymentPostprocessing = 0;
		};
		30DC2E2B2C199F8900403EC3 /* Resources */ = {
			isa = PBXResourcesBuildPhase;
			buildActionMask = 2147483647;
			files = (
			);
			runOnlyForDeploymentPostprocessing = 0;
		};
		30DC2E352C199F8900403EC3 /* Resources */ = {
			isa = PBXResourcesBuildPhase;
			buildActionMask = 2147483647;
			files = (
			);
			runOnlyForDeploymentPostprocessing = 0;
		};
/* End PBXResourcesBuildPhase section */

/* Begin PBXSourcesBuildPhase section */
		30DC2E132C199F8800403EC3 /* Sources */ = {
			isa = PBXSourcesBuildPhase;
			buildActionMask = 2147483647;
			files = (
				30DC2E272C199F8900403EC3 /* Movelah.xcdatamodeld in Sources */,
				30A72DF92C4BA0B800BE85B5 /* MenuView.swift in Sources */,
				30DC2E242C199F8900403EC3 /* Persistence.swift in Sources */,
				30DC2E1D2C199F8800403EC3 /* ContentView.swift in Sources */,
				30A72DFB2C4BA1F400BE85B5 /* AppDelegate.swift in Sources */,
				30A72DF72C4BA07500BE85B5 /* ContextMenuManager.swift in Sources */,
				30DC2E1B2C199F8800403EC3 /* MovelahApp.swift in Sources */,
			);
			runOnlyForDeploymentPostprocessing = 0;
		};
		30DC2E292C199F8900403EC3 /* Sources */ = {
			isa = PBXSourcesBuildPhase;
			buildActionMask = 2147483647;
			files = (
				30DC2E322C199F8900403EC3 /* MovelahTests.swift in Sources */,
			);
			runOnlyForDeploymentPostprocessing = 0;
		};
		30DC2E332C199F8900403EC3 /* Sources */ = {
			isa = PBXSourcesBuildPhase;
			buildActionMask = 2147483647;
			files = (
				30DC2E3C2C199F8900403EC3 /* MovelahUITests.swift in Sources */,
				30DC2E3E2C199F8900403EC3 /* MovelahUITestsLaunchTests.swift in Sources */,
			);
			runOnlyForDeploymentPostprocessing = 0;
		};
/* End PBXSourcesBuildPhase section */

/* Begin PBXTargetDependency section */
		30DC2E2F2C199F8900403EC3 /* PBXTargetDependency */ = {
			isa = PBXTargetDependency;
			target = 30DC2E162C199F8800403EC3 /* Cleaniy */;
			targetProxy = 30DC2E2E2C199F8900403EC3 /* PBXContainerItemProxy */;
		};
		30DC2E392C199F8900403EC3 /* PBXTargetDependency */ = {
			isa = PBXTargetDependency;
			target = 30DC2E162C199F8800403EC3 /* Cleaniy */;
			targetProxy = 30DC2E382C199F8900403EC3 /* PBXContainerItemProxy */;
		};
/* End PBXTargetDependency section */

/* Begin XCBuildConfiguration section */
		30DC2E3F2C199F8900403EC3 /* Debug */ = {
			isa = XCBuildConfiguration;
			buildSettings = {
				ALWAYS_SEARCH_USER_PATHS = NO;
				ASSETCATALOG_COMPILER_GENERATE_SWIFT_ASSET_SYMBOL_EXTENSIONS = YES;
				CLANG_ANALYZER_NONNULL = YES;
				CLANG_ANALYZER_NUMBER_OBJECT_CONVERSION = YES_AGGRESSIVE;
				CLANG_CXX_LANGUAGE_STANDARD = "gnu++20";
				CLANG_ENABLE_MODULES = YES;
				CLANG_ENABLE_OBJC_ARC = YES;
				CLANG_ENABLE_OBJC_WEAK = YES;
				CLANG_WARN_BLOCK_CAPTURE_AUTORELEASING = YES;
				CLANG_WARN_BOOL_CONVERSION = YES;
				CLANG_WARN_COMMA = YES;
				CLANG_WARN_CONSTANT_CONVERSION = YES;
				CLANG_WARN_DEPRECATED_OBJC_IMPLEMENTATIONS = YES;
				CLANG_WARN_DIRECT_OBJC_ISA_USAGE = YES_ERROR;
				CLANG_WARN_DOCUMENTATION_COMMENTS = YES;
				CLANG_WARN_EMPTY_BODY = YES;
				CLANG_WARN_ENUM_CONVERSION = YES;
				CLANG_WARN_INFINITE_RECURSION = YES;
				CLANG_WARN_INT_CONVERSION = YES;
				CLANG_WARN_NON_LITERAL_NULL_CONVERSION = YES;
				CLANG_WARN_OBJC_IMPLICIT_RETAIN_SELF = YES;
				CLANG_WARN_OBJC_LITERAL_CONVERSION = YES;
				CLANG_WARN_OBJC_ROOT_CLASS = YES_ERROR;
				CLANG_WARN_QUOTED_INCLUDE_IN_FRAMEWORK_HEADER = YES;
				CLANG_WARN_RANGE_LOOP_ANALYSIS = YES;
				CLANG_WARN_STRICT_PROTOTYPES = YES;
				CLANG_WARN_SUSPICIOUS_MOVE = YES;
				CLANG_WARN_UNGUARDED_AVAILABILITY = YES_AGGRESSIVE;
				CLANG_WARN_UNREACHABLE_CODE = YES;
				CLANG_WARN__DUPLICATE_METHOD_MATCH = YES;
				COPY_PHASE_STRIP = NO;
				DEBUG_INFORMATION_FORMAT = dwarf;
				ENABLE_STRICT_OBJC_MSGSEND = YES;
				ENABLE_TESTABILITY = YES;
				ENABLE_USER_SCRIPT_SANDBOXING = YES;
				GCC_C_LANGUAGE_STANDARD = gnu17;
				GCC_DYNAMIC_NO_PIC = NO;
				GCC_NO_COMMON_BLOCKS = YES;
				GCC_OPTIMIZATION_LEVEL = 0;
				GCC_PREPROCESSOR_DEFINITIONS = (
					"DEBUG=1",
					"$(inherited)",
				);
				GCC_WARN_64_TO_32_BIT_CONVERSION = YES;
				GCC_WARN_ABOUT_RETURN_TYPE = YES_ERROR;
				GCC_WARN_UNDECLARED_SELECTOR = YES;
				GCC_WARN_UNINITIALIZED_AUTOS = YES_AGGRESSIVE;
				GCC_WARN_UNUSED_FUNCTION = YES;
				GCC_WARN_UNUSED_VARIABLE = YES;
				LOCALIZATION_PREFERS_STRING_CATALOGS = YES;
				MACOSX_DEPLOYMENT_TARGET = 14.5;
				MTL_ENABLE_DEBUG_INFO = INCLUDE_SOURCE;
				MTL_FAST_MATH = YES;
				ONLY_ACTIVE_ARCH = YES;
				SDKROOT = macosx;
				SWIFT_ACTIVE_COMPILATION_CONDITIONS = "DEBUG $(inherited)";
				SWIFT_OPTIMIZATION_LEVEL = "-Onone";
			};
			name = Debug;
		};
		30DC2E402C199F8900403EC3 /* Release */ = {
			isa = XCBuildConfiguration;
			buildSettings = {
				ALWAYS_SEARCH_USER_PATHS = NO;
				ASSETCATALOG_COMPILER_GENERATE_SWIFT_ASSET_SYMBOL_EXTENSIONS = YES;
				CLANG_ANALYZER_NONNULL = YES;
				CLANG_ANALYZER_NUMBER_OBJECT_CONVERSION = YES_AGGRESSIVE;
				CLANG_CXX_LANGUAGE_STANDARD = "gnu++20";
				CLANG_ENABLE_MODULES = YES;
				CLANG_ENABLE_OBJC_ARC = YES;
				CLANG_ENABLE_OBJC_WEAK = YES;
				CLANG_WARN_BLOCK_CAPTURE_AUTORELEASING = YES;
				CLANG_WARN_BOOL_CONVERSION = YES;
				CLANG_WARN_COMMA = YES;
				CLANG_WARN_CONSTANT_CONVERSION = YES;
				CLANG_WARN_DEPRECATED_OBJC_IMPLEMENTATIONS = YES;
				CLANG_WARN_DIRECT_OBJC_ISA_USAGE = YES_ERROR;
				CLANG_WARN_DOCUMENTATION_COMMENTS = YES;
				CLANG_WARN_EMPTY_BODY = YES;
				CLANG_WARN_ENUM_CONVERSION = YES;
				CLANG_WARN_INFINITE_RECURSION = YES;
				CLANG_WARN_INT_CONVERSION = YES;
				CLANG_WARN_NON_LITERAL_NULL_CONVERSION = YES;
				CLANG_WARN_OBJC_IMPLICIT_RETAIN_SELF = YES;
				CLANG_WARN_OBJC_LITERAL_CONVERSION = YES;
				CLANG_WARN_OBJC_ROOT_CLASS = YES_ERROR;
				CLANG_WARN_QUOTED_INCLUDE_IN_FRAMEWORK_HEADER = YES;
				CLANG_WARN_RANGE_LOOP_ANALYSIS = YES;
				CLANG_WARN_STRICT_PROTOTYPES = YES;
				CLANG_WARN_SUSPICIOUS_MOVE = YES;
				CLANG_WARN_UNGUARDED_AVAILABILITY = YES_AGGRESSIVE;
				CLANG_WARN_UNREACHABLE_CODE = YES;
				CLANG_WARN__DUPLICATE_METHOD_MATCH = YES;
				COPY_PHASE_STRIP = NO;
				DEBUG_INFORMATION_FORMAT = "dwarf-with-dsym";
				ENABLE_NS_ASSERTIONS = NO;
				ENABLE_STRICT_OBJC_MSGSEND = YES;
				ENABLE_USER_SCRIPT_SANDBOXING = YES;
				GCC_C_LANGUAGE_STANDARD = gnu17;
				GCC_NO_COMMON_BLOCKS = YES;
				GCC_WARN_64_TO_32_BIT_CONVERSION = YES;
				GCC_WARN_ABOUT_RETURN_TYPE = YES_ERROR;
				GCC_WARN_UNDECLARED_SELECTOR = YES;
				GCC_WARN_UNINITIALIZED_AUTOS = YES_AGGRESSIVE;
				GCC_WARN_UNUSED_FUNCTION = YES;
				GCC_WARN_UNUSED_VARIABLE = YES;
				LOCALIZATION_PREFERS_STRING_CATALOGS = YES;
				MACOSX_DEPLOYMENT_TARGET = 14.5;
				MTL_ENABLE_DEBUG_INFO = NO;
				MTL_FAST_MATH = YES;
				SDKROOT = macosx;
				SWIFT_COMPILATION_MODE = wholemodule;
			};
			name = Release;
		};
		30DC2E422C199F8900403EC3 /* Debug */ = {
			isa = XCBuildConfiguration;
			buildSettings = {
				ASSETCATALOG_COMPILER_APPICON_NAME = AppIcon;
				ASSETCATALOG_COMPILER_GLOBAL_ACCENT_COLOR_NAME = AccentColor;
				CODE_SIGN_ENTITLEMENTS = Movelah/Movelah.entitlements;
				"CODE_SIGN_IDENTITY[sdk=macosx*]" = "Apple Development";
				CODE_SIGN_STYLE = Automatic;
				COMBINE_HIDPI_IMAGES = YES;
				CURRENT_PROJECT_VERSION = 1;
				DEVELOPMENT_ASSET_PATHS = "\"Movelah/Preview Content\"";
				DEVELOPMENT_TEAM = 652LJ9UJFF;
				ENABLE_PREVIEWS = YES;
				GENERATE_INFOPLIST_FILE = YES;
				INFOPLIST_KEY_CFBundleDisplayName = Cleanify;
				INFOPLIST_KEY_LSApplicationCategoryType = "public.app-category.productivity";
				INFOPLIST_KEY_NSHumanReadableCopyright = "";
				LD_RUNPATH_SEARCH_PATHS = (
					"$(inherited)",
					"@executable_path/../Frameworks",
				);
				MARKETING_VERSION = 1.0.0;
				PRODUCT_BUNDLE_IDENTIFIER = movelah.com.Cleanify;
				PRODUCT_NAME = "$(TARGET_NAME)";
				SWIFT_EMIT_LOC_STRINGS = YES;
				SWIFT_VERSION = 5.0;
			};
			name = Debug;
		};
		30DC2E432C199F8900403EC3 /* Release */ = {
			isa = XCBuildConfiguration;
			buildSettings = {
				ASSETCATALOG_COMPILER_APPICON_NAME = AppIcon;
				ASSETCATALOG_COMPILER_GLOBAL_ACCENT_COLOR_NAME = AccentColor;
				CODE_SIGN_ENTITLEMENTS = Movelah/Movelah.entitlements;
				"CODE_SIGN_IDENTITY[sdk=macosx*]" = "Apple Development";
				CODE_SIGN_STYLE = Automatic;
				COMBINE_HIDPI_IMAGES = YES;
				CURRENT_PROJECT_VERSION = 1;
				DEVELOPMENT_ASSET_PATHS = "\"Movelah/Preview Content\"";
				DEVELOPMENT_TEAM = 652LJ9UJFF;
				ENABLE_PREVIEWS = YES;
				GENERATE_INFOPLIST_FILE = YES;
				INFOPLIST_KEY_CFBundleDisplayName = Cleanify;
				INFOPLIST_KEY_LSApplicationCategoryType = "public.app-category.productivity";
				INFOPLIST_KEY_NSHumanReadableCopyright = "";
				LD_RUNPATH_SEARCH_PATHS = (
					"$(inherited)",
					"@executable_path/../Frameworks",
				);
				MARKETING_VERSION = 1.0.0;
				PRODUCT_BUNDLE_IDENTIFIER = movelah.com.Movelah;
				PRODUCT_NAME = "$(TARGET_NAME)";
				SWIFT_EMIT_LOC_STRINGS = YES;
				SWIFT_VERSION = 5.0;
			};
			name = Release;
		};
		30DC2E452C199F8900403EC3 /* Debug */ = {
			isa = XCBuildConfiguration;
			buildSettings = {
				ALWAYS_EMBED_SWIFT_STANDARD_LIBRARIES = YES;
				BUNDLE_LOADER = "$(TEST_HOST)";
				CODE_SIGN_STYLE = Automatic;
				CURRENT_PROJECT_VERSION = 1;
				GENERATE_INFOPLIST_FILE = YES;
				MACOSX_DEPLOYMENT_TARGET = 14.5;
				MARKETING_VERSION = 1.0;
				PRODUCT_BUNDLE_IDENTIFIER = movelah.com.MovelahTests;
				PRODUCT_NAME = "$(TARGET_NAME)";
				SWIFT_EMIT_LOC_STRINGS = NO;
				SWIFT_VERSION = 5.0;
				TEST_HOST = "$(BUILT_PRODUCTS_DIR)/Cleaniy.app/$(BUNDLE_EXECUTABLE_FOLDER_PATH)/Cleaniy";
			};
			name = Debug;
		};
		30DC2E462C199F8900403EC3 /* Release */ = {
			isa = XCBuildConfiguration;
			buildSettings = {
				ALWAYS_EMBED_SWIFT_STANDARD_LIBRARIES = YES;
				BUNDLE_LOADER = "$(TEST_HOST)";
				CODE_SIGN_STYLE = Automatic;
				CURRENT_PROJECT_VERSION = 1;
				GENERATE_INFOPLIST_FILE = YES;
				MACOSX_DEPLOYMENT_TARGET = 14.5;
				MARKETING_VERSION = 1.0;
				PRODUCT_BUNDLE_IDENTIFIER = movelah.com.MovelahTests;
				PRODUCT_NAME = "$(TARGET_NAME)";
				SWIFT_EMIT_LOC_STRINGS = NO;
				SWIFT_VERSION = 5.0;
				TEST_HOST = "$(BUILT_PRODUCTS_DIR)/Cleaniy.app/$(BUNDLE_EXECUTABLE_FOLDER_PATH)/Cleaniy";
			};
			name = Release;
		};
		30DC2E482C199F8900403EC3 /* Debug */ = {
			isa = XCBuildConfiguration;
			buildSettings = {
				ALWAYS_EMBED_SWIFT_STANDARD_LIBRARIES = YES;
				CODE_SIGN_STYLE = Automatic;
				CURRENT_PROJECT_VERSION = 1;
				GENERATE_INFOPLIST_FILE = YES;
				MARKETING_VERSION = 1.0;
				PRODUCT_BUNDLE_IDENTIFIER = movelah.com.MovelahUITests;
				PRODUCT_NAME = "$(TARGET_NAME)";
				SWIFT_EMIT_LOC_STRINGS = NO;
				SWIFT_VERSION = 5.0;
				TEST_TARGET_NAME = Movelah;
			};
			name = Debug;
		};
		30DC2E492C199F8900403EC3 /* Release */ = {
			isa = XCBuildConfiguration;
			buildSettings = {
				ALWAYS_EMBED_SWIFT_STANDARD_LIBRARIES = YES;
				CODE_SIGN_STYLE = Automatic;
				CURRENT_PROJECT_VERSION = 1;
				GENERATE_INFOPLIST_FILE = YES;
				MARKETING_VERSION = 1.0;
				PRODUCT_BUNDLE_IDENTIFIER = movelah.com.MovelahUITests;
				PRODUCT_NAME = "$(TARGET_NAME)";
				SWIFT_EMIT_LOC_STRINGS = NO;
				SWIFT_VERSION = 5.0;
				TEST_TARGET_NAME = Movelah;
			};
			name = Release;
		};
/* End XCBuildConfiguration section */

/* Begin XCConfigurationList section */
		30DC2E122C199F8800403EC3 /* Build configuration list for PBXProject "Cleaniy" */ = {
			isa = XCConfigurationList;
			buildConfigurations = (
				30DC2E3F2C199F8900403EC3 /* Debug */,
				30DC2E402C199F8900403EC3 /* Release */,
			);
			defaultConfigurationIsVisible = 0;
			defaultConfigurationName = Release;
		};
		30DC2E412C199F8900403EC3 /* Build configuration list for PBXNativeTarget "Cleaniy" */ = {
			isa = XCConfigurationList;
			buildConfigurations = (
				30DC2E422C199F8900403EC3 /* Debug */,
				30DC2E432C199F8900403EC3 /* Release */,
			);
			defaultConfigurationIsVisible = 0;
			defaultConfigurationName = Release;
		};
		30DC2E442C199F8900403EC3 /* Build configuration list for PBXNativeTarget "CleaniyTests" */ = {
			isa = XCConfigurationList;
			buildConfigurations = (
				30DC2E452C199F8900403EC3 /* Debug */,
				30DC2E462C199F8900403EC3 /* Release */,
			);
			defaultConfigurationIsVisible = 0;
			defaultConfigurationName = Release;
		};
		30DC2E472C199F8900403EC3 /* Build configuration list for PBXNativeTarget "CleaniyUITests" */ = {
			isa = XCConfigurationList;
			buildConfigurations = (
				30DC2E482C199F8900403EC3 /* Debug */,
				30DC2E492C199F8900403EC3 /* Release */,
			);
			defaultConfigurationIsVisible = 0;
			defaultConfigurationName = Release;
		};
/* End XCConfigurationList section */

/* Begin XCVersionGroup section */
		30DC2E252C199F8900403EC3 /* Movelah.xcdatamodeld */ = {
			isa = XCVersionGroup;
			children = (
				30DC2E262C199F8900403EC3 /* Movelah.xcdatamodel */,
			);
			currentVersion = 30DC2E262C199F8900403EC3 /* Movelah.xcdatamodel */;
			path = Movelah.xcdatamodeld;
			sourceTree = "<group>";
			versionGroupType = wrapper.xcdatamodel;
		};
/* End XCVersionGroup section */
	};
	rootObject = 30DC2E0F2C199F8800403EC3 /* Project object */;
}
